{
  "nodes": {
    "home-manager": {
      "inputs": {
        "nixpkgs": [
          "nixpkgs"
        ]
      },
      "locked": {
        "lastModified": 1764536451,
        "narHash": "sha256-BgtcUkBfItu9/yU14IgUaj4rYOanTOUZjUfBP20/ZB4=",
        "owner": "nix-community",
        "repo": "home-manager",
        "rev": "3fdd076e08049a9c7a83149b270440d9787d2df5",
        "type": "github"
      },
      "original": {
        "owner": "nix-community",
        "ref": "release-25.11",
        "repo": "home-manager",
        "type": "github"
      }
    },
    "nixpkgs": {
      "locked": {
        "lastModified": 1764522689,
        "narHash": "sha256-SqUuBFjhl/kpDiVaKLQBoD8TLD+/cTUzzgVFoaHrkqY=",
        "owner": "NixOS",
        "repo": "nixpkgs",
        "rev": "8bb5646e0bed5dbd3ab08c7a7cc15b75ab4e1d0f",
        "type": "github"
      },
      "original": {
        "owner": "NixOS",
        "ref": "nixos-25.11",
        "repo": "nixpkgs",
        "type": "github"
      }
    },
    "nvim-conf": {
      "flake": false,
      "locked": {
        "lastModified": 1761900800,
        "narHash": "sha256-PdIp/McbZzUxr6yF3Q0Of9z7gdZ5EOJUsuNmh33kUwc=",
        "owner": "hruboson",
        "repo": "nvim-conf",
        "rev": "5b42f9605ccbc652c9e91adca7f1fd6f826b6dbc",
        "type": "github"
      },
      "original": {
        "owner": "hruboson",
        "repo": "nvim-conf",
        "type": "github"
      }
    },
    "plasma-manager": {
      "inputs": {
        "home-manager": [
          "home-manager"
        ],
        "nixpkgs": [
          "nixpkgs"
        ]
      },
      "locked": {
        "lastModified": 1763909441,
        "narHash": "sha256-56LwV51TX/FhgX+5LCG6akQ5KrOWuKgcJa+eUsRMxsc=",
        "owner": "nix-community",
        "repo": "plasma-manager",
        "rev": "b24ed4b272256dfc1cc2291f89a9821d5f9e14b4",
        "type": "github"
      },
      "original": {
        "owner": "nix-community",
        "repo": "plasma-manager",
        "type": "github"
      }
    },
    "root": {
      "inputs": {
        "home-manager": "home-manager",
        "nixpkgs": "nixpkgs",
        "nvim-conf": "nvim-conf",
        "plasma-manager": "plasma-manager",
        "secrets": "secrets"
      }
    },
    "secrets": {
      "locked": {
        "lastModified": 1764614835,
        "narHash": "sha256-ArSx8/HMzi9A8F9UgA3Dt3xY9yhL/UHmZs/J3D/3zmU=",
        "ref": "refs/heads/master",
        "rev": "f8b09b011de4ef98ecce85443caebc80219d3dc4",
        "revCount": 5,
        "type": "git",
        "url": "file:///home/hruon/nixos-conf/secrets"
      },
      "original": {
        "type": "git",
        "url": "file:///home/hruon/nixos-conf/secrets"
      }
    }
  },
  "root": "root",
  "version": 7
}
