{
  "nodes": {
    "home-manager": {
      "inputs": {
        "nixpkgs": [
          "nixpkgs"
        ]
      },
      "locked": {
        "lastModified": 1764866045,
        "narHash": "sha256-0GsEtXV9OquDQ1VclQfP16cU5VZh7NEVIOjSH4UaJuM=",
        "owner": "nix-community",
        "repo": "home-manager",
        "rev": "f63d0fe9d81d36e5fc95497217a72e02b8b7bcab",
        "type": "github"
      },
      "original": {
        "owner": "nix-community",
        "ref": "release-25.11",
        "repo": "home-manager",
        "type": "github"
      }
    },
    "nixpkgs": {
      "locked": {
        "lastModified": 1764831616,
        "narHash": "sha256-OtzF5wBvO0jgW1WW1rQU9cMGx7zuvkF7CAVJ1ypzkxA=",
        "owner": "NixOS",
        "repo": "nixpkgs",
        "rev": "c97c47f2bac4fa59e2cbdeba289686ae615f8ed4",
        "type": "github"
      },
      "original": {
        "owner": "NixOS",
        "ref": "nixos-25.11",
        "repo": "nixpkgs",
        "type": "github"
      }
    },
    "nvim-conf": {
      "flake": false,
      "locked": {
        "lastModified": 1764700366,
        "narHash": "sha256-KO6It7Z4UPcGlA+5BsGZoWvUJpRtcd1TgfdDKieDRZE=",
        "owner": "hruboson",
        "repo": "nvim-conf",
        "rev": "586ec91f64462579dd70715fb71447901657dc98",
        "type": "github"
      },
      "original": {
        "owner": "hruboson",
        "repo": "nvim-conf",
        "type": "github"
      }
    },
    "plasma-manager": {
      "inputs": {
        "home-manager": [
          "home-manager"
        ],
        "nixpkgs": [
          "nixpkgs"
        ]
      },
      "locked": {
        "lastModified": 1763909441,
        "narHash": "sha256-56LwV51TX/FhgX+5LCG6akQ5KrOWuKgcJa+eUsRMxsc=",
        "owner": "nix-community",
        "repo": "plasma-manager",
        "rev": "b24ed4b272256dfc1cc2291f89a9821d5f9e14b4",
        "type": "github"
      },
      "original": {
        "owner": "nix-community",
        "repo": "plasma-manager",
        "type": "github"
      }
    },
    "root": {
      "inputs": {
        "home-manager": "home-manager",
        "nixpkgs": "nixpkgs",
        "nvim-conf": "nvim-conf",
        "plasma-manager": "plasma-manager",
        "secrets": "secrets"
      }
    },
    "secrets": {
      "locked": {
        "lastModified": 1764926980,
        "narHash": "sha256-izDb3W1NOt13dtyDMGTC4trDj0rpB0uThfx4P8uRRmk=",
        "ref": "refs/heads/main",
        "rev": "30c89c7df82042a17c8ed4ecc7d4c0a6fc858d46",
        "revCount": 1,
        "type": "git",
        "url": "file:///home/hruon/nixos-conf/secrets"
      },
      "original": {
        "type": "git",
        "url": "file:///home/hruon/nixos-conf/secrets"
      }
    }
  },
  "root": "root",
  "version": 7
}
